
Microsoft Visual Studio Solution File, Format Version 12.00
# Visual Studio 15
VisualStudioVersion = 15.0.28307.757
MinimumVisualStudioVersion = 10.0.40219.1
Project("{FAE04EC0-301F-11D3-BF4B-00C04F79EFBC}") = "Senai.Sstop.WebApi", "Senai.Sstop.WebApi\Senai.Sstop.WebApi.csproj", "{0D422CE1-5667-4BC7-848F-9683FA08BBC5}"
EndProject
Global
	GlobalSection(SolutionConfigurationPlatforms) = preSolution
		Debug|Any CPU = Debug|Any CPU
		Release|Any CPU = Release|Any CPU
	EndGlobalSection
	GlobalSection(ProjectConfigurationPlatforms) = postSolution
		{0D422CE1-5667-4BC7-848F-9683FA08BBC5}.Debug|Any CPU.ActiveCfg = Debug|Any CPU
		{0D422CE1-5667-4BC7-848F-9683FA08BBC5}.Debug|Any CPU.Build.0 = Debug|Any CPU
		{0D422CE1-5667-4BC7-848F-9683FA08BBC5}.Release|Any CPU.ActiveCfg = Release|Any CPU
		{0D422CE1-5667-4BC7-848F-9683FA08BBC5}.Release|Any CPU.Build.0 = Release|Any CPU
	EndGlobalSection
	GlobalSection(SolutionProperties) = preSolution
		HideSolutionNode = FALSE
	EndGlobalSection
	GlobalSection(ExtensibilityGlobals) = postSolution
		SolutionGuid = {E3F94B65-22EC-4F1A-8746-B015118E76AD}
	EndGlobalSection
EndGlobal
