
Microsoft Visual Studio Solution File, Format Version 12.00
# Visual Studio 15
VisualStudioVersion = 15.0.28307.757
MinimumVisualStudioVersion = 10.0.40219.1
Project("{FAE04EC0-301F-11D3-BF4B-00C04F79EFBC}") = "Senai.Gufos.WebApi", "Senai.Gufos.WebApi\Senai.Gufos.WebApi.csproj", "{3E8C1212-ACDE-4124-A3CF-17D4AC3EAAA5}"
EndProject
Global
	GlobalSection(SolutionConfigurationPlatforms) = preSolution
		Debug|Any CPU = Debug|Any CPU
		Release|Any CPU = Release|Any CPU
	EndGlobalSection
	GlobalSection(ProjectConfigurationPlatforms) = postSolution
		{3E8C1212-ACDE-4124-A3CF-17D4AC3EAAA5}.Debug|Any CPU.ActiveCfg = Debug|Any CPU
		{3E8C1212-ACDE-4124-A3CF-17D4AC3EAAA5}.Debug|Any CPU.Build.0 = Debug|Any CPU
		{3E8C1212-ACDE-4124-A3CF-17D4AC3EAAA5}.Release|Any CPU.ActiveCfg = Release|Any CPU
		{3E8C1212-ACDE-4124-A3CF-17D4AC3EAAA5}.Release|Any CPU.Build.0 = Release|Any CPU
	EndGlobalSection
	GlobalSection(SolutionProperties) = preSolution
		HideSolutionNode = FALSE
	EndGlobalSection
	GlobalSection(ExtensibilityGlobals) = postSolution
		SolutionGuid = {951F1C03-946C-4279-BD04-48EF09DA7D07}
	EndGlobalSection
EndGlobal
